
Microsoft Visual Studio Solution File, Format Version 12.00
# Visual Studio 15
VisualStudioVersion = 15.0.28307.1169
MinimumVisualStudioVersion = 10.0.40219.1
Project("{FAE04EC0-301F-11D3-BF4B-00C04F79EFBC}") = "NavtechAssesment", "NavtechAssesment\NavtechAssesment.csproj", "{17249323-EAE7-44EC-A212-52F2A5E388D5}"
EndProject
Global
	GlobalSection(SolutionConfigurationPlatforms) = preSolution
		Debug|Any CPU = Debug|Any CPU
		Release|Any CPU = Release|Any CPU
	EndGlobalSection
	GlobalSection(ProjectConfigurationPlatforms) = postSolution
		{17249323-EAE7-44EC-A212-52F2A5E388D5}.Debug|Any CPU.ActiveCfg = Debug|Any CPU
		{17249323-EAE7-44EC-A212-52F2A5E388D5}.Debug|Any CPU.Build.0 = Debug|Any CPU
		{17249323-EAE7-44EC-A212-52F2A5E388D5}.Release|Any CPU.ActiveCfg = Release|Any CPU
		{17249323-EAE7-44EC-A212-52F2A5E388D5}.Release|Any CPU.Build.0 = Release|Any CPU
	EndGlobalSection
	GlobalSection(SolutionProperties) = preSolution
		HideSolutionNode = FALSE
	EndGlobalSection
	GlobalSection(ExtensibilityGlobals) = postSolution
		SolutionGuid = {DA3A8565-87EA-438A-92BB-FF16180CF59B}
	EndGlobalSection
EndGlobal
